{
	"name": "z80-asm-meter",
	"version": "1.4.0",
	"lockfileVersion": 1,
	"requires": true,
	"dependencies": {
		"@types/vscode": {
			"version": "1.49.0",
			"resolved": "https://registry.npmjs.org/@types/vscode/-/vscode-1.49.0.tgz",
			"integrity": "sha512-wfNQmLmm1VdMBr6iuNdprWmC1YdrgZ9dQzadv+l2eSjJlElOdJw8OTm4RU4oGTBcfvG6RZI2jOcppkdSS18mZw==",
			"dev": true
		},
		"typescript": {
			"version": "4.0.2",
			"resolved": "https://registry.npmjs.org/typescript/-/typescript-4.0.2.tgz",
			"integrity": "sha512-e4ERvRV2wb+rRZ/IQeb3jm2VxBsirQLpQhdxplZ2MEzGvDkkMmPglecnNDfSUBivMjP93vRbngYYDQqQ/78bcQ==",
			"dev": true
		}
	}
}
