{
	"name": "z80-asm-meter",
	"version": "1.6.2",
	"lockfileVersion": 2,
	"requires": true,
	"packages": {
		"": {
			"name": "z80-asm-meter",
			"version": "1.6.2",
			"license": "LGPL-3.0",
			"devDependencies": {
				"@types/vscode": "^1.61.0",
				"typescript": "^4.4.4"
			},
			"engines": {
				"vscode": "^1.61.0"
			}
		},
		"node_modules/@types/vscode": {
			"version": "1.61.0",
			"resolved": "https://registry.npmjs.org/@types/vscode/-/vscode-1.61.0.tgz",
			"integrity": "sha512-9k5Nwq45hkRwdfCFY+eKXeQQSbPoA114mF7U/4uJXRBJeGIO7MuJdhF1PnaDN+lllL9iKGQtd6FFXShBXMNaFg==",
			"dev": true
		},
		"node_modules/typescript": {
			"version": "4.4.4",
			"resolved": "https://registry.npmjs.org/typescript/-/typescript-4.4.4.tgz",
			"integrity": "sha512-DqGhF5IKoBl8WNf8C1gu8q0xZSInh9j1kJJMqT3a94w1JzVaBU4EXOSMrz9yDqMT0xt3selp83fuFMQ0uzv6qA==",
			"dev": true,
			"bin": {
				"tsc": "bin/tsc",
				"tsserver": "bin/tsserver"
			},
			"engines": {
				"node": ">=4.2.0"
			}
		}
	},
	"dependencies": {
		"@types/vscode": {
			"version": "1.61.0",
			"resolved": "https://registry.npmjs.org/@types/vscode/-/vscode-1.61.0.tgz",
			"integrity": "sha512-9k5Nwq45hkRwdfCFY+eKXeQQSbPoA114mF7U/4uJXRBJeGIO7MuJdhF1PnaDN+lllL9iKGQtd6FFXShBXMNaFg==",
			"dev": true
		},
		"typescript": {
			"version": "4.4.4",
			"resolved": "https://registry.npmjs.org/typescript/-/typescript-4.4.4.tgz",
			"integrity": "sha512-DqGhF5IKoBl8WNf8C1gu8q0xZSInh9j1kJJMqT3a94w1JzVaBU4EXOSMrz9yDqMT0xt3selp83fuFMQ0uzv6qA==",
			"dev": true
		}
	}
}
