{
	"name": "z80-asm-meter",
	"version": "2.1.0",
	"lockfileVersion": 2,
	"requires": true,
	"packages": {
		"": {
			"name": "z80-asm-meter",
			"version": "2.1.0",
			"license": "LGPL-3.0",
			"devDependencies": {
				"@types/vscode": "^1.62.0",
				"typescript": "^4.5.3"
			},
			"engines": {
				"vscode": "^1.62.0"
			}
		},
		"node_modules/@types/vscode": {
			"version": "1.62.0",
			"resolved": "https://registry.npmjs.org/@types/vscode/-/vscode-1.62.0.tgz",
			"integrity": "sha512-iGlQJ1w5e3qPUryroO6v4lxg3ql1ztdTCwQW3xEwFawdyPLoeUSv48SYfMwc7kQA7h6ThUqflZIjgKAykeF9oA==",
			"dev": true
		},
		"node_modules/typescript": {
			"version": "4.5.3",
			"resolved": "https://registry.npmjs.org/typescript/-/typescript-4.5.3.tgz",
			"integrity": "sha512-eVYaEHALSt+s9LbvgEv4Ef+Tdq7hBiIZgii12xXJnukryt3pMgJf6aKhoCZ3FWQsu6sydEnkg11fYXLzhLBjeQ==",
			"dev": true,
			"bin": {
				"tsc": "bin/tsc",
				"tsserver": "bin/tsserver"
			},
			"engines": {
				"node": ">=4.2.0"
			}
		}
	},
	"dependencies": {
		"@types/vscode": {
			"version": "1.62.0",
			"resolved": "https://registry.npmjs.org/@types/vscode/-/vscode-1.62.0.tgz",
			"integrity": "sha512-iGlQJ1w5e3qPUryroO6v4lxg3ql1ztdTCwQW3xEwFawdyPLoeUSv48SYfMwc7kQA7h6ThUqflZIjgKAykeF9oA==",
			"dev": true
		},
		"typescript": {
			"version": "4.5.3",
			"resolved": "https://registry.npmjs.org/typescript/-/typescript-4.5.3.tgz",
			"integrity": "sha512-eVYaEHALSt+s9LbvgEv4Ef+Tdq7hBiIZgii12xXJnukryt3pMgJf6aKhoCZ3FWQsu6sydEnkg11fYXLzhLBjeQ==",
			"dev": true
		}
	}
}
